
Microsoft Visual Studio Solution File, Format Version 12.00
# Visual Studio Version 16
VisualStudioVersion = 16.0.30413.136
MinimumVisualStudioVersion = 10.0.40219.1
Project("{FAE04EC0-301F-11D3-BF4B-00C04F79EFBC}") = "Bookstore.Api", "Bookstore.Api\Bookstore.Api.csproj", "{7878E8A2-C9E9-42CC-B1E9-A0CEDB3BCDCF}"
EndProject
Project("{FAE04EC0-301F-11D3-BF4B-00C04F79EFBC}") = "Entities", "Entities\Entities.csproj", "{DE8E8499-56A3-4862-BBD0-EE4B1E40FBD5}"
EndProject
Project("{FAE04EC0-301F-11D3-BF4B-00C04F79EFBC}") = "LoggerService", "LoggerService\LoggerService.csproj", "{AE3CD057-9D6C-4D77-BF9F-0710E026F426}"
EndProject
Project("{FAE04EC0-301F-11D3-BF4B-00C04F79EFBC}") = "Interfaces", "Interfaces\Interfaces.csproj", "{11A156A2-7846-42A6-80C1-C31E53C7AA27}"
EndProject
Project("{FAE04EC0-301F-11D3-BF4B-00C04F79EFBC}") = "Repository", "Repository\Repository.csproj", "{87CD8662-6D40-4CF0-8B69-9764AA09AED9}"
EndProject
Global
	GlobalSection(SolutionConfigurationPlatforms) = preSolution
		Debug|Any CPU = Debug|Any CPU
		Release|Any CPU = Release|Any CPU
	EndGlobalSection
	GlobalSection(ProjectConfigurationPlatforms) = postSolution
		{7878E8A2-C9E9-42CC-B1E9-A0CEDB3BCDCF}.Debug|Any CPU.ActiveCfg = Debug|Any CPU
		{7878E8A2-C9E9-42CC-B1E9-A0CEDB3BCDCF}.Debug|Any CPU.Build.0 = Debug|Any CPU
		{7878E8A2-C9E9-42CC-B1E9-A0CEDB3BCDCF}.Release|Any CPU.ActiveCfg = Release|Any CPU
		{7878E8A2-C9E9-42CC-B1E9-A0CEDB3BCDCF}.Release|Any CPU.Build.0 = Release|Any CPU
		{DE8E8499-56A3-4862-BBD0-EE4B1E40FBD5}.Debug|Any CPU.ActiveCfg = Debug|Any CPU
		{DE8E8499-56A3-4862-BBD0-EE4B1E40FBD5}.Debug|Any CPU.Build.0 = Debug|Any CPU
		{DE8E8499-56A3-4862-BBD0-EE4B1E40FBD5}.Release|Any CPU.ActiveCfg = Release|Any CPU
		{DE8E8499-56A3-4862-BBD0-EE4B1E40FBD5}.Release|Any CPU.Build.0 = Release|Any CPU
		{AE3CD057-9D6C-4D77-BF9F-0710E026F426}.Debug|Any CPU.ActiveCfg = Debug|Any CPU
		{AE3CD057-9D6C-4D77-BF9F-0710E026F426}.Debug|Any CPU.Build.0 = Debug|Any CPU
		{AE3CD057-9D6C-4D77-BF9F-0710E026F426}.Release|Any CPU.ActiveCfg = Release|Any CPU
		{AE3CD057-9D6C-4D77-BF9F-0710E026F426}.Release|Any CPU.Build.0 = Release|Any CPU
		{11A156A2-7846-42A6-80C1-C31E53C7AA27}.Debug|Any CPU.ActiveCfg = Debug|Any CPU
		{11A156A2-7846-42A6-80C1-C31E53C7AA27}.Debug|Any CPU.Build.0 = Debug|Any CPU
		{11A156A2-7846-42A6-80C1-C31E53C7AA27}.Release|Any CPU.ActiveCfg = Release|Any CPU
		{11A156A2-7846-42A6-80C1-C31E53C7AA27}.Release|Any CPU.Build.0 = Release|Any CPU
		{87CD8662-6D40-4CF0-8B69-9764AA09AED9}.Debug|Any CPU.ActiveCfg = Debug|Any CPU
		{87CD8662-6D40-4CF0-8B69-9764AA09AED9}.Debug|Any CPU.Build.0 = Debug|Any CPU
		{87CD8662-6D40-4CF0-8B69-9764AA09AED9}.Release|Any CPU.ActiveCfg = Release|Any CPU
		{87CD8662-6D40-4CF0-8B69-9764AA09AED9}.Release|Any CPU.Build.0 = Release|Any CPU
	EndGlobalSection
	GlobalSection(SolutionProperties) = preSolution
		HideSolutionNode = FALSE
	EndGlobalSection
	GlobalSection(ExtensibilityGlobals) = postSolution
		SolutionGuid = {85B6E09A-AEAC-417C-A87F-F04A9B091E83}
	EndGlobalSection
EndGlobal
